
Microsoft Visual Studio Solution File, Format Version 12.00
# Visual Studio Version 16
VisualStudioVersion = 16.0.31112.23
MinimumVisualStudioVersion = 10.0.40219.1
Project("{FAE04EC0-301F-11D3-BF4B-00C04F79EFBC}") = "Xamarin Forms Samples.Android", "Xamarin Forms Samples\Xamarin Forms Samples.Android\Xamarin Forms Samples.Android.csproj", "{DBAD1442-75F5-4AA3-85D9-445E22A96598}"
EndProject
Project("{FAE04EC0-301F-11D3-BF4B-00C04F79EFBC}") = "Xamarin Forms Samples.iOS", "Xamarin Forms Samples\Xamarin Forms Samples.iOS\Xamarin Forms Samples.iOS.csproj", "{85482B6D-3D42-4B9A-A0E0-9B1CBF4A15E3}"
EndProject
Project("{FAE04EC0-301F-11D3-BF4B-00C04F79EFBC}") = "Xamarin Forms Samples", "Xamarin Forms Samples\Xamarin Forms Samples\Xamarin Forms Samples.csproj", "{719CD75E-CC54-445C-B704-7DFF9D786304}"
EndProject
Global
	GlobalSection(SolutionConfigurationPlatforms) = preSolution
		Debug|Any CPU = Debug|Any CPU
		Debug|iPhone = Debug|iPhone
		Debug|iPhoneSimulator = Debug|iPhoneSimulator
		Release|Any CPU = Release|Any CPU
		Release|iPhone = Release|iPhone
		Release|iPhoneSimulator = Release|iPhoneSimulator
	EndGlobalSection
	GlobalSection(ProjectConfigurationPlatforms) = postSolution
		{DBAD1442-75F5-4AA3-85D9-445E22A96598}.Debug|Any CPU.ActiveCfg = Debug|Any CPU
		{DBAD1442-75F5-4AA3-85D9-445E22A96598}.Debug|Any CPU.Build.0 = Debug|Any CPU
		{DBAD1442-75F5-4AA3-85D9-445E22A96598}.Debug|Any CPU.Deploy.0 = Debug|Any CPU
		{DBAD1442-75F5-4AA3-85D9-445E22A96598}.Debug|iPhone.ActiveCfg = Debug|Any CPU
		{DBAD1442-75F5-4AA3-85D9-445E22A96598}.Debug|iPhone.Build.0 = Debug|Any CPU
		{DBAD1442-75F5-4AA3-85D9-445E22A96598}.Debug|iPhone.Deploy.0 = Debug|Any CPU
		{DBAD1442-75F5-4AA3-85D9-445E22A96598}.Debug|iPhoneSimulator.ActiveCfg = Debug|Any CPU
		{DBAD1442-75F5-4AA3-85D9-445E22A96598}.Debug|iPhoneSimulator.Build.0 = Debug|Any CPU
		{DBAD1442-75F5-4AA3-85D9-445E22A96598}.Debug|iPhoneSimulator.Deploy.0 = Debug|Any CPU
		{DBAD1442-75F5-4AA3-85D9-445E22A96598}.Release|Any CPU.ActiveCfg = Release|Any CPU
		{DBAD1442-75F5-4AA3-85D9-445E22A96598}.Release|Any CPU.Build.0 = Release|Any CPU
		{DBAD1442-75F5-4AA3-85D9-445E22A96598}.Release|Any CPU.Deploy.0 = Release|Any CPU
		{DBAD1442-75F5-4AA3-85D9-445E22A96598}.Release|iPhone.ActiveCfg = Release|Any CPU
		{DBAD1442-75F5-4AA3-85D9-445E22A96598}.Release|iPhone.Build.0 = Release|Any CPU
		{DBAD1442-75F5-4AA3-85D9-445E22A96598}.Release|iPhone.Deploy.0 = Release|Any CPU
		{DBAD1442-75F5-4AA3-85D9-445E22A96598}.Release|iPhoneSimulator.ActiveCfg = Release|Any CPU
		{DBAD1442-75F5-4AA3-85D9-445E22A96598}.Release|iPhoneSimulator.Build.0 = Release|Any CPU
		{DBAD1442-75F5-4AA3-85D9-445E22A96598}.Release|iPhoneSimulator.Deploy.0 = Release|Any CPU
		{85482B6D-3D42-4B9A-A0E0-9B1CBF4A15E3}.Debug|Any CPU.ActiveCfg = Debug|iPhone
		{85482B6D-3D42-4B9A-A0E0-9B1CBF4A15E3}.Debug|Any CPU.Build.0 = Debug|iPhone
		{85482B6D-3D42-4B9A-A0E0-9B1CBF4A15E3}.Debug|Any CPU.Deploy.0 = Debug|iPhone
		{85482B6D-3D42-4B9A-A0E0-9B1CBF4A15E3}.Debug|iPhone.ActiveCfg = Debug|iPhone
		{85482B6D-3D42-4B9A-A0E0-9B1CBF4A15E3}.Debug|iPhone.Build.0 = Debug|iPhone
		{85482B6D-3D42-4B9A-A0E0-9B1CBF4A15E3}.Debug|iPhone.Deploy.0 = Debug|iPhone
		{85482B6D-3D42-4B9A-A0E0-9B1CBF4A15E3}.Debug|iPhoneSimulator.ActiveCfg = Debug|iPhoneSimulator
		{85482B6D-3D42-4B9A-A0E0-9B1CBF4A15E3}.Debug|iPhoneSimulator.Build.0 = Debug|iPhoneSimulator
		{85482B6D-3D42-4B9A-A0E0-9B1CBF4A15E3}.Debug|iPhoneSimulator.Deploy.0 = Debug|iPhoneSimulator
		{85482B6D-3D42-4B9A-A0E0-9B1CBF4A15E3}.Release|Any CPU.ActiveCfg = Release|iPhoneSimulator
		{85482B6D-3D42-4B9A-A0E0-9B1CBF4A15E3}.Release|Any CPU.Build.0 = Release|iPhoneSimulator
		{85482B6D-3D42-4B9A-A0E0-9B1CBF4A15E3}.Release|Any CPU.Deploy.0 = Release|iPhoneSimulator
		{85482B6D-3D42-4B9A-A0E0-9B1CBF4A15E3}.Release|iPhone.ActiveCfg = Release|iPhone
		{85482B6D-3D42-4B9A-A0E0-9B1CBF4A15E3}.Release|iPhone.Build.0 = Release|iPhone
		{85482B6D-3D42-4B9A-A0E0-9B1CBF4A15E3}.Release|iPhone.Deploy.0 = Release|iPhone
		{85482B6D-3D42-4B9A-A0E0-9B1CBF4A15E3}.Release|iPhoneSimulator.ActiveCfg = Release|iPhoneSimulator
		{85482B6D-3D42-4B9A-A0E0-9B1CBF4A15E3}.Release|iPhoneSimulator.Build.0 = Release|iPhoneSimulator
		{85482B6D-3D42-4B9A-A0E0-9B1CBF4A15E3}.Release|iPhoneSimulator.Deploy.0 = Release|iPhoneSimulator
		{719CD75E-CC54-445C-B704-7DFF9D786304}.Debug|Any CPU.ActiveCfg = Debug|Any CPU
		{719CD75E-CC54-445C-B704-7DFF9D786304}.Debug|Any CPU.Build.0 = Debug|Any CPU
		{719CD75E-CC54-445C-B704-7DFF9D786304}.Debug|Any CPU.Deploy.0 = Debug|Any CPU
		{719CD75E-CC54-445C-B704-7DFF9D786304}.Debug|iPhone.ActiveCfg = Debug|Any CPU
		{719CD75E-CC54-445C-B704-7DFF9D786304}.Debug|iPhone.Build.0 = Debug|Any CPU
		{719CD75E-CC54-445C-B704-7DFF9D786304}.Debug|iPhone.Deploy.0 = Debug|Any CPU
		{719CD75E-CC54-445C-B704-7DFF9D786304}.Debug|iPhoneSimulator.ActiveCfg = Debug|Any CPU
		{719CD75E-CC54-445C-B704-7DFF9D786304}.Debug|iPhoneSimulator.Build.0 = Debug|Any CPU
		{719CD75E-CC54-445C-B704-7DFF9D786304}.Debug|iPhoneSimulator.Deploy.0 = Debug|Any CPU
		{719CD75E-CC54-445C-B704-7DFF9D786304}.Release|Any CPU.ActiveCfg = Release|Any CPU
		{719CD75E-CC54-445C-B704-7DFF9D786304}.Release|Any CPU.Build.0 = Release|Any CPU
		{719CD75E-CC54-445C-B704-7DFF9D786304}.Release|Any CPU.Deploy.0 = Release|Any CPU
		{719CD75E-CC54-445C-B704-7DFF9D786304}.Release|iPhone.ActiveCfg = Release|Any CPU
		{719CD75E-CC54-445C-B704-7DFF9D786304}.Release|iPhone.Build.0 = Release|Any CPU
		{719CD75E-CC54-445C-B704-7DFF9D786304}.Release|iPhone.Deploy.0 = Release|Any CPU
		{719CD75E-CC54-445C-B704-7DFF9D786304}.Release|iPhoneSimulator.ActiveCfg = Release|Any CPU
		{719CD75E-CC54-445C-B704-7DFF9D786304}.Release|iPhoneSimulator.Build.0 = Release|Any CPU
		{719CD75E-CC54-445C-B704-7DFF9D786304}.Release|iPhoneSimulator.Deploy.0 = Release|Any CPU
	EndGlobalSection
	GlobalSection(SolutionProperties) = preSolution
		HideSolutionNode = FALSE
	EndGlobalSection
	GlobalSection(ExtensibilityGlobals) = postSolution
		SolutionGuid = {BE76888C-E87B-4807-83F9-03F798C4AA99}
	EndGlobalSection
EndGlobal
